// !$*UTF8*$!
{
	archiveVersion = 1;
	classes = {
	};
	objectVersion = 50;
	objects = {

/* Begin PBXBuildFile section */
		3D29C8A622C996080030D15C /* AppDelegate.swift in Sources */ = {isa = PBXBuildFile; fileRef = 3D29C8A522C996080030D15C /* AppDelegate.swift */; };
		3D29C8AB22C996080030D15C /* Main.storyboard in Resources */ = {isa = PBXBuildFile; fileRef = 3D29C8A922C996080030D15C /* Main.storyboard */; };
		3D29C8AD22C9960C0030D15C /* Assets.xcassets in Resources */ = {isa = PBXBuildFile; fileRef = 3D29C8AC22C9960C0030D15C /* Assets.xcassets */; };
		3D29C8B022C9960C0030D15C /* LaunchScreen.storyboard in Resources */ = {isa = PBXBuildFile; fileRef = 3D29C8AE22C9960C0030D15C /* LaunchScreen.storyboard */; };
		3D29C8BA22C99CF40030D15C /* TableViewController.swift in Sources */ = {isa = PBXBuildFile; fileRef = 3D29C8B922C99CF40030D15C /* TableViewController.swift */; };
		3D29C8BC22C99D4C0030D15C /* TableViewCell.swift in Sources */ = {isa = PBXBuildFile; fileRef = 3D29C8BB22C99D4C0030D15C /* TableViewCell.swift */; };
		3D29C8C022C9B94C0030D15C /* ViewController.swift in Sources */ = {isa = PBXBuildFile; fileRef = 3D29C8BF22C9B94C0030D15C /* ViewController.swift */; };
/* End PBXBuildFile section */

/* Begin PBXFileReference section */
		3D29C8A222C996080030D15C /* testTableViewController.app */ = {isa = PBXFileReference; explicitFileType = wrapper.application; includeInIndex = 0; path = testTableViewController.app; sourceTree = BUILT_PRODUCTS_DIR; };
		3D29C8A522C996080030D15C /* AppDelegate.swift */ = {isa = PBXFileReference; lastKnownFileType = sourcecode.swift; path = AppDelegate.swift; sourceTree = "<group>"; };
		3D29C8AA22C996080030D15C /* Base */ = {isa = PBXFileReference; lastKnownFileType = file.storyboard; name = Base; path = Base.lproj/Main.storyboard; sourceTree = "<group>"; };
		3D29C8AC22C9960C0030D15C /* Assets.xcassets */ = {isa = PBXFileReference; lastKnownFileType = folder.assetcatalog; path = Assets.xcassets; sourceTree = "<group>"; };
		3D29C8AF22C9960C0030D15C /* Base */ = {isa = PBXFileReference; lastKnownFileType = file.storyboard; name = Base; path = Base.lproj/LaunchScreen.storyboard; sourceTree = "<group>"; };
		3D29C8B122C9960C0030D15C /* Info.plist */ = {isa = PBXFileReference; lastKnownFileType = text.plist.xml; path = Info.plist; sourceTree = "<group>"; };
		3D29C8B922C99CF40030D15C /* TableViewController.swift */ = {isa = PBXFileReference; lastKnownFileType = sourcecode.swift; name = TableViewController.swift; path = ../TableViewController.swift; sourceTree = "<group>"; };
		3D29C8BB22C99D4C0030D15C /* TableViewCell.swift */ = {isa = PBXFileReference; lastKnownFileType = sourcecode.swift; path = TableViewCell.swift; sourceTree = "<group>"; };
		3D29C8BF22C9B94C0030D15C /* ViewController.swift */ = {isa = PBXFileReference; fileEncoding = 4; lastKnownFileType = sourcecode.swift; path = ViewController.swift; sourceTree = "<group>"; };
/* End PBXFileReference section */

/* Begin PBXFrameworksBuildPhase section */
		3D29C89F22C996080030D15C /* Frameworks */ = {
			isa = PBXFrameworksBuildPhase;
			buildActionMask = 2147483647;
			files = (
			);
			runOnlyForDeploymentPostprocessing = 0;
		};
/* End PBXFrameworksBuildPhase section */

/* Begin PBXGroup section */
		3D29C89922C996070030D15C = {
			isa = PBXGroup;
			children = (
				3D29C8A422C996080030D15C /* testTableViewController */,
				3D29C8A322C996080030D15C /* Products */,
			);
			sourceTree = "<group>";
		};
		3D29C8A322C996080030D15C /* Products */ = {
			isa = PBXGroup;
			children = (
				3D29C8A222C996080030D15C /* testTableViewController.app */,
			);
			name = Products;
			sourceTree = "<group>";
		};
		3D29C8A422C996080030D15C /* testTableViewController */ = {
			isa = PBXGroup;
			children = (
				3D29C8BF22C9B94C0030D15C /* ViewController.swift */,
				3D29C8A522C996080030D15C /* AppDelegate.swift */,
				3D29C8BB22C99D4C0030D15C /* TableViewCell.swift */,
				3D29C8B922C99CF40030D15C /* TableViewController.swift */,
				3D29C8A922C996080030D15C /* Main.storyboard */,
				3D29C8AC22C9960C0030D15C /* Assets.xcassets */,
				3D29C8AE22C9960C0030D15C /* LaunchScreen.storyboard */,
				3D29C8B122C9960C0030D15C /* Info.plist */,
			);
			path = testTableViewController;
			sourceTree = "<group>";
		};
/* End PBXGroup section */

/* Begin PBXNativeTarget section */
		3D29C8A122C996080030D15C /* testTableViewController */ = {
			isa = PBXNativeTarget;
			buildConfigurationList = 3D29C8B422C9960C0030D15C /* Build configuration list for PBXNativeTarget "testTableViewController" */;
			buildPhases = (
				3D29C89E22C996080030D15C /* Sources */,
				3D29C89F22C996080030D15C /* Frameworks */,
				3D29C8A022C996080030D15C /* Resources */,
			);
			buildRules = (
			);
			dependencies = (
			);
			name = testTableViewController;
			productName = testTableViewController;
			productReference = 3D29C8A222C996080030D15C /* testTableViewController.app */;
			productType = "com.apple.product-type.application";
		};
/* End PBXNativeTarget section */

/* Begin PBXProject section */
		3D29C89A22C996070030D15C /* Project object */ = {
			isa = PBXProject;
			attributes = {
				LastSwiftUpdateCheck = 0940;
				LastUpgradeCheck = 0940;
				ORGANIZATIONNAME = kondoyuto;
				TargetAttributes = {
					3D29C8A122C996080030D15C = {
						CreatedOnToolsVersion = 9.4.1;
					};
				};
			};
			buildConfigurationList = 3D29C89D22C996070030D15C /* Build configuration list for PBXProject "testTableViewController" */;
			compatibilityVersion = "Xcode 9.3";
			developmentRegion = en;
			hasScannedForEncodings = 0;
			knownRegions = (
				en,
				Base,
			);
			mainGroup = 3D29C89922C996070030D15C;
			productRefGroup = 3D29C8A322C996080030D15C /* Products */;
			projectDirPath = "";
			projectRoot = "";
			targets = (
				3D29C8A122C996080030D15C /* testTableViewController */,
			);
		};
/* End PBXProject section */

/* Begin PBXResourcesBuildPhase section */
		3D29C8A022C996080030D15C /* Resources */ = {
			isa = PBXResourcesBuildPhase;
			buildActionMask = 2147483647;
			files = (
				3D29C8B022C9960C0030D15C /* LaunchScreen.storyboard in Resources */,
				3D29C8AD22C9960C0030D15C /* Assets.xcassets in Resources */,
				3D29C8AB22C996080030D15C /* Main.storyboard in Resources */,
			);
			runOnlyForDeploymentPostprocessing = 0;
		};
/* End PBXResourcesBuildPhase section */

/* Begin PBXSourcesBuildPhase section */
		3D29C89E22C996080030D15C /* Sources */ = {
			isa = PBXSourcesBuildPhase;
			buildActionMask = 2147483647;
			files = (
				3D29C8BC22C99D4C0030D15C /* TableViewCell.swift in Sources */,
				3D29C8A622C996080030D15C /* AppDelegate.swift in Sources */,
				3D29C8C022C9B94C0030D15C /* ViewController.swift in Sources */,
				3D29C8BA22C99CF40030D15C /* TableViewController.swift in Sources */,
			);
			runOnlyForDeploymentPostprocessing = 0;
		};
/* End PBXSourcesBuildPhase section */

/* Begin PBXVariantGroup section */
		3D29C8A922C996080030D15C /* Main.storyboard */ = {
			isa = PBXVariantGroup;
			children = (
				3D29C8AA22C996080030D15C /* Base */,
			);
			name = Main.storyboard;
			sourceTree = "<group>";
		};
		3D29C8AE22C9960C0030D15C /* LaunchScreen.storyboard */ = {
			isa = PBXVariantGroup;
			children = (
				3D29C8AF22C9960C0030D15C /* Base */,
			);
			name = LaunchScreen.storyboard;
			sourceTree = "<group>";
		};
/* End PBXVariantGroup section */

/* Begin XCBuildConfiguration section */
		3D29C8B222C9960C0030D15C /* Debug */ = {
			isa = XCBuildConfiguration;
			buildSettings = {
				ALWAYS_SEARCH_USER_PATHS = NO;
				CLANG_ANALYZER_NONNULL = YES;
				CLANG_ANALYZER_NUMBER_OBJECT_CONVERSION = YES_AGGRESSIVE;
				CLANG_CXX_LANGUAGE_STANDARD = "gnu++14";
				CLANG_CXX_LIBRARY = "libc++";
				CLANG_ENABLE_MODULES = YES;
				CLANG_ENABLE_OBJC_ARC = YES;
				CLANG_ENABLE_OBJC_WEAK = YES;
				CLANG_WARN_BLOCK_CAPTURE_AUTORELEASING = YES;
				CLANG_WARN_BOOL_CONVERSION = YES;
				CLANG_WARN_COMMA = YES;
				CLANG_WARN_CONSTANT_CONVERSION = YES;
				CLANG_WARN_DEPRECATED_OBJC_IMPLEMENTATIONS = YES;
				CLANG_WARN_DIRECT_OBJC_ISA_USAGE = YES_ERROR;
				CLANG_WARN_DOCUMENTATION_COMMENTS = YES;
				CLANG_WARN_EMPTY_BODY = YES;
				CLANG_WARN_ENUM_CONVERSION = YES;
				CLANG_WARN_INFINITE_RECURSION = YES;
				CLANG_WARN_INT_CONVERSION = YES;
				CLANG_WARN_NON_LITERAL_NULL_CONVERSION = YES;
				CLANG_WARN_OBJC_IMPLICIT_RETAIN_SELF = YES;
				CLANG_WARN_OBJC_LITERAL_CONVERSION = YES;
				CLANG_WARN_OBJC_ROOT_CLASS = YES_ERROR;
				CLANG_WARN_RANGE_LOOP_ANALYSIS = YES;
				CLANG_WARN_STRICT_PROTOTYPES = YES;
				CLANG_WARN_SUSPICIOUS_MOVE = YES;
				CLANG_WARN_UNGUARDED_AVAILABILITY = YES_AGGRESSIVE;
				CLANG_WARN_UNREACHABLE_CODE = YES;
				CLANG_WARN__DUPLICATE_METHOD_MATCH = YES;
				CODE_SIGN_IDENTITY = "iPhone Developer";
				COPY_PHASE_STRIP = NO;
				DEBUG_INFORMATION_FORMAT = dwarf;
				ENABLE_STRICT_OBJC_MSGSEND = YES;
				ENABLE_TESTABILITY = YES;
				GCC_C_LANGUAGE_STANDARD = gnu11;
				GCC_DYNAMIC_NO_PIC = NO;
				GCC_NO_COMMON_BLOCKS = YES;
				GCC_OPTIMIZATION_LEVEL = 0;
				GCC_PREPROCESSOR_DEFINITIONS = (
					"DEBUG=1",
					"$(inherited)",
				);
				GCC_WARN_64_TO_32_BIT_CONVERSION = YES;
				GCC_WARN_ABOUT_RETURN_TYPE = YES_ERROR;
				GCC_WARN_UNDECLARED_SELECTOR = YES;
				GCC_WARN_UNINITIALIZED_AUTOS = YES_AGGRESSIVE;
				GCC_WARN_UNUSED_FUNCTION = YES;
				GCC_WARN_UNUSED_VARIABLE = YES;
				IPHONEOS_DEPLOYMENT_TARGET = 11.4;
				MTL_ENABLE_DEBUG_INFO = YES;
				ONLY_ACTIVE_ARCH = YES;
				SDKROOT = iphoneos;
				SWIFT_ACTIVE_COMPILATION_CONDITIONS = DEBUG;
				SWIFT_OPTIMIZATION_LEVEL = "-Onone";
			};
			name = Debug;
		};
		3D29C8B322C9960C0030D15C /* Release */ = {
			isa = XCBuildConfiguration;
			buildSettings = {
				ALWAYS_SEARCH_USER_PATHS = NO;
				CLANG_ANALYZER_NONNULL = YES;
				CLANG_ANALYZER_NUMBER_OBJECT_CONVERSION = YES_AGGRESSIVE;
				CLANG_CXX_LANGUAGE_STANDARD = "gnu++14";
				CLANG_CXX_LIBRARY = "libc++";
				CLANG_ENABLE_MODULES = YES;
				CLANG_ENABLE_OBJC_ARC = YES;
				CLANG_ENABLE_OBJC_WEAK = YES;
				CLANG_WARN_BLOCK_CAPTURE_AUTORELEASING = YES;
				CLANG_WARN_BOOL_CONVERSION = YES;
				CLANG_WARN_COMMA = YES;
				CLANG_WARN_CONSTANT_CONVERSION = YES;
				CLANG_WARN_DEPRECATED_OBJC_IMPLEMENTATIONS = YES;
				CLANG_WARN_DIRECT_OBJC_ISA_USAGE = YES_ERROR;
				CLANG_WARN_DOCUMENTATION_COMMENTS = YES;
				CLANG_WARN_EMPTY_BODY = YES;
				CLANG_WARN_ENUM_CONVERSION = YES;
				CLANG_WARN_INFINITE_RECURSION = YES;
				CLANG_WARN_INT_CONVERSION = YES;
				CLANG_WARN_NON_LITERAL_NULL_CONVERSION = YES;
				CLANG_WARN_OBJC_IMPLICIT_RETAIN_SELF = YES;
				CLANG_WARN_OBJC_LITERAL_CONVERSION = YES;
				CLANG_WARN_OBJC_ROOT_CLASS = YES_ERROR;
				CLANG_WARN_RANGE_LOOP_ANALYSIS = YES;
				CLANG_WARN_STRICT_PROTOTYPES = YES;
				CLANG_WARN_SUSPICIOUS_MOVE = YES;
				CLANG_WARN_UNGUARDED_AVAILABILITY = YES_AGGRESSIVE;
				CLANG_WARN_UNREACHABLE_CODE = YES;
				CLANG_WARN__DUPLICATE_METHOD_MATCH = YES;
				CODE_SIGN_IDENTITY = "iPhone Developer";
				COPY_PHASE_STRIP = NO;
				DEBUG_INFORMATION_FORMAT = "dwarf-with-dsym";
				ENABLE_NS_ASSERTIONS = NO;
				ENABLE_STRICT_OBJC_MSGSEND = YES;
				GCC_C_LANGUAGE_STANDARD = gnu11;
				GCC_NO_COMMON_BLOCKS = YES;
				GCC_WARN_64_TO_32_BIT_CONVERSION = YES;
				GCC_WARN_ABOUT_RETURN_TYPE = YES_ERROR;
				GCC_WARN_UNDECLARED_SELECTOR = YES;
				GCC_WARN_UNINITIALIZED_AUTOS = YES_AGGRESSIVE;
				GCC_WARN_UNUSED_FUNCTION = YES;
				GCC_WARN_UNUSED_VARIABLE = YES;
				IPHONEOS_DEPLOYMENT_TARGET = 11.4;
				MTL_ENABLE_DEBUG_INFO = NO;
				SDKROOT = iphoneos;
				SWIFT_COMPILATION_MODE = wholemodule;
				SWIFT_OPTIMIZATION_LEVEL = "-O";
				VALIDATE_PRODUCT = YES;
			};
			name = Release;
		};
		3D29C8B522C9960C0030D15C /* Debug */ = {
			isa = XCBuildConfiguration;
			buildSettings = {
				ASSETCATALOG_COMPILER_APPICON_NAME = AppIcon;
				CODE_SIGN_STYLE = Automatic;
				DEVELOPMENT_TEAM = 76B24BP35R;
				INFOPLIST_FILE = testTableViewController/Info.plist;
				LD_RUNPATH_SEARCH_PATHS = (
					"$(inherited)",
					"@executable_path/Frameworks",
				);
				PRODUCT_BUNDLE_IDENTIFIER = com.kondoyuto.testTableViewController;
				PRODUCT_NAME = "$(TARGET_NAME)";
				SWIFT_VERSION = 4.0;
				TARGETED_DEVICE_FAMILY = "1,2";
			};
			name = Debug;
		};
		3D29C8B622C9960C0030D15C /* Release */ = {
			isa = XCBuildConfiguration;
			buildSettings = {
				ASSETCATALOG_COMPILER_APPICON_NAME = AppIcon;
				CODE_SIGN_STYLE = Automatic;
				DEVELOPMENT_TEAM = 76B24BP35R;
				INFOPLIST_FILE = testTableViewController/Info.plist;
				LD_RUNPATH_SEARCH_PATHS = (
					"$(inherited)",
					"@executable_path/Frameworks",
				);
				PRODUCT_BUNDLE_IDENTIFIER = com.kondoyuto.testTableViewController;
				PRODUCT_NAME = "$(TARGET_NAME)";
				SWIFT_VERSION = 4.0;
				TARGETED_DEVICE_FAMILY = "1,2";
			};
			name = Release;
		};
/* End XCBuildConfiguration section */

/* Begin XCConfigurationList section */
		3D29C89D22C996070030D15C /* Build configuration list for PBXProject "testTableViewController" */ = {
			isa = XCConfigurationList;
			buildConfigurations = (
				3D29C8B222C9960C0030D15C /* Debug */,
				3D29C8B322C9960C0030D15C /* Release */,
			);
			defaultConfigurationIsVisible = 0;
			defaultConfigurationName = Release;
		};
		3D29C8B422C9960C0030D15C /* Build configuration list for PBXNativeTarget "testTableViewController" */ = {
			isa = XCConfigurationList;
			buildConfigurations = (
				3D29C8B522C9960C0030D15C /* Debug */,
				3D29C8B622C9960C0030D15C /* Release */,
			);
			defaultConfigurationIsVisible = 0;
			defaultConfigurationName = Release;
		};
/* End XCConfigurationList section */
	};
	rootObject = 3D29C89A22C996070030D15C /* Project object */;
}
